// !$*UTF8*$!
{
	archiveVersion = 1;
	classes = {
	};
	objectVersion = 56;
	objects = {

/* Begin PBXBuildFile section */
		8BA7141B28F3022A0073A97F /* AppDelegate.swift in Sources */ = {isa = PBXBuildFile; fileRef = 8BA7141A28F3022A0073A97F /* AppDelegate.swift */; };
		8BA7141D28F3022A0073A97F /* SceneDelegate.swift in Sources */ = {isa = PBXBuildFile; fileRef = 8BA7141C28F3022A0073A97F /* SceneDelegate.swift */; };
		8BA7141F28F3022A0073A97F /* ViewController.swift in Sources */ = {isa = PBXBuildFile; fileRef = 8BA7141E28F3022A0073A97F /* ViewController.swift */; };
		8BA7142228F3022A0073A97F /* Main.storyboard in Resources */ = {isa = PBXBuildFile; fileRef = 8BA7142028F3022A0073A97F /* Main.storyboard */; };
		8BA7142428F3022B0073A97F /* Assets.xcassets in Resources */ = {isa = PBXBuildFile; fileRef = 8BA7142328F3022B0073A97F /* Assets.xcassets */; };
		8BA7142728F3022B0073A97F /* LaunchScreen.storyboard in Resources */ = {isa = PBXBuildFile; fileRef = 8BA7142528F3022B0073A97F /* LaunchScreen.storyboard */; };
		8BA7143328F30CE30073A97F /* Question.swift in Sources */ = {isa = PBXBuildFile; fileRef = 8BA7143228F30CE30073A97F /* Question.swift */; };
/* End PBXBuildFile section */

/* Begin PBXFileReference section */
		8BA7141728F3022A0073A97F /* AnimalQuiz.app */ = {isa = PBXFileReference; explicitFileType = wrapper.application; includeInIndex = 0; path = AnimalQuiz.app; sourceTree = BUILT_PRODUCTS_DIR; };
		8BA7141A28F3022A0073A97F /* AppDelegate.swift */ = {isa = PBXFileReference; lastKnownFileType = sourcecode.swift; path = AppDelegate.swift; sourceTree = "<group>"; };
		8BA7141C28F3022A0073A97F /* SceneDelegate.swift */ = {isa = PBXFileReference; lastKnownFileType = sourcecode.swift; path = SceneDelegate.swift; sourceTree = "<group>"; };
		8BA7141E28F3022A0073A97F /* ViewController.swift */ = {isa = PBXFileReference; lastKnownFileType = sourcecode.swift; path = ViewController.swift; sourceTree = "<group>"; };
		8BA7142128F3022A0073A97F /* Base */ = {isa = PBXFileReference; lastKnownFileType = file.storyboard; name = Base; path = Base.lproj/Main.storyboard; sourceTree = "<group>"; };
		8BA7142328F3022B0073A97F /* Assets.xcassets */ = {isa = PBXFileReference; lastKnownFileType = folder.assetcatalog; path = Assets.xcassets; sourceTree = "<group>"; };
		8BA7142628F3022B0073A97F /* Base */ = {isa = PBXFileReference; lastKnownFileType = file.storyboard; name = Base; path = Base.lproj/LaunchScreen.storyboard; sourceTree = "<group>"; };
		8BA7142828F3022B0073A97F /* Info.plist */ = {isa = PBXFileReference; lastKnownFileType = text.plist.xml; path = Info.plist; sourceTree = "<group>"; };
		8BA7143228F30CE30073A97F /* Question.swift */ = {isa = PBXFileReference; lastKnownFileType = sourcecode.swift; path = Question.swift; sourceTree = "<group>"; };
/* End PBXFileReference section */

/* Begin PBXFrameworksBuildPhase section */
		8BA7141428F3022A0073A97F /* Frameworks */ = {
			isa = PBXFrameworksBuildPhase;
			buildActionMask = 2147483647;
			files = (
			);
			runOnlyForDeploymentPostprocessing = 0;
		};
/* End PBXFrameworksBuildPhase section */

/* Begin PBXGroup section */
		8BA7140E28F3022A0073A97F = {
			isa = PBXGroup;
			children = (
				8BA7141928F3022A0073A97F /* AnimalQuiz */,
				8BA7142328F3022B0073A97F /* Assets.xcassets */,
				8BA7141828F3022A0073A97F /* Products */,
			);
			sourceTree = "<group>";
		};
		8BA7141828F3022A0073A97F /* Products */ = {
			isa = PBXGroup;
			children = (
				8BA7141728F3022A0073A97F /* AnimalQuiz.app */,
			);
			name = Products;
			sourceTree = "<group>";
		};
		8BA7141928F3022A0073A97F /* AnimalQuiz */ = {
			isa = PBXGroup;
			children = (
				8BA7142F28F304A80073A97F /* ViewControllers */,
				8BA7143128F304DE0073A97F /* Models */,
				8BA7142E28F304180073A97F /* App */,
				8BA7143028F304C60073A97F /* Storyboards */,
			);
			path = AnimalQuiz;
			sourceTree = "<group>";
		};
		8BA7142E28F304180073A97F /* App */ = {
			isa = PBXGroup;
			children = (
				8BA7141A28F3022A0073A97F /* AppDelegate.swift */,
				8BA7141C28F3022A0073A97F /* SceneDelegate.swift */,
				8BA7142828F3022B0073A97F /* Info.plist */,
			);
			path = App;
			sourceTree = "<group>";
		};
		8BA7142F28F304A80073A97F /* ViewControllers */ = {
			isa = PBXGroup;
			children = (
				8BA7141E28F3022A0073A97F /* ViewController.swift */,
			);
			path = ViewControllers;
			sourceTree = "<group>";
		};
		8BA7143028F304C60073A97F /* Storyboards */ = {
			isa = PBXGroup;
			children = (
				8BA7142528F3022B0073A97F /* LaunchScreen.storyboard */,
				8BA7142028F3022A0073A97F /* Main.storyboard */,
			);
			path = Storyboards;
			sourceTree = "<group>";
		};
		8BA7143128F304DE0073A97F /* Models */ = {
			isa = PBXGroup;
			children = (
				8BA7143228F30CE30073A97F /* Question.swift */,
			);
			path = Models;
			sourceTree = "<group>";
		};
/* End PBXGroup section */

/* Begin PBXNativeTarget section */
		8BA7141628F3022A0073A97F /* AnimalQuiz */ = {
			isa = PBXNativeTarget;
			buildConfigurationList = 8BA7142B28F3022B0073A97F /* Build configuration list for PBXNativeTarget "AnimalQuiz" */;
			buildPhases = (
				8BA7141328F3022A0073A97F /* Sources */,
				8BA7141428F3022A0073A97F /* Frameworks */,
				8BA7141528F3022A0073A97F /* Resources */,
			);
			buildRules = (
			);
			dependencies = (
			);
			name = AnimalQuiz;
			productName = AnimalQuiz;
			productReference = 8BA7141728F3022A0073A97F /* AnimalQuiz.app */;
			productType = "com.apple.product-type.application";
		};
/* End PBXNativeTarget section */

/* Begin PBXProject section */
		8BA7140F28F3022A0073A97F /* Project object */ = {
			isa = PBXProject;
			attributes = {
				BuildIndependentTargetsInParallel = 1;
				LastSwiftUpdateCheck = 1400;
				LastUpgradeCheck = 1400;
				TargetAttributes = {
					8BA7141628F3022A0073A97F = {
						CreatedOnToolsVersion = 14.0;
					};
				};
			};
			buildConfigurationList = 8BA7141228F3022A0073A97F /* Build configuration list for PBXProject "AnimalQuiz" */;
			compatibilityVersion = "Xcode 14.0";
			developmentRegion = en;
			hasScannedForEncodings = 0;
			knownRegions = (
				en,
				Base,
			);
			mainGroup = 8BA7140E28F3022A0073A97F;
			productRefGroup = 8BA7141828F3022A0073A97F /* Products */;
			projectDirPath = "";
			projectRoot = "";
			targets = (
				8BA7141628F3022A0073A97F /* AnimalQuiz */,
			);
		};
/* End PBXProject section */

/* Begin PBXResourcesBuildPhase section */
		8BA7141528F3022A0073A97F /* Resources */ = {
			isa = PBXResourcesBuildPhase;
			buildActionMask = 2147483647;
			files = (
				8BA7142728F3022B0073A97F /* LaunchScreen.storyboard in Resources */,
				8BA7142428F3022B0073A97F /* Assets.xcassets in Resources */,
				8BA7142228F3022A0073A97F /* Main.storyboard in Resources */,
			);
			runOnlyForDeploymentPostprocessing = 0;
		};
/* End PBXResourcesBuildPhase section */

/* Begin PBXSourcesBuildPhase section */
		8BA7141328F3022A0073A97F /* Sources */ = {
			isa = PBXSourcesBuildPhase;
			buildActionMask = 2147483647;
			files = (
				8BA7141F28F3022A0073A97F /* ViewController.swift in Sources */,
				8BA7143328F30CE30073A97F /* Question.swift in Sources */,
				8BA7141B28F3022A0073A97F /* AppDelegate.swift in Sources */,
				8BA7141D28F3022A0073A97F /* SceneDelegate.swift in Sources */,
			);
			runOnlyForDeploymentPostprocessing = 0;
		};
/* End PBXSourcesBuildPhase section */

/* Begin PBXVariantGroup section */
		8BA7142028F3022A0073A97F /* Main.storyboard */ = {
			isa = PBXVariantGroup;
			children = (
				8BA7142128F3022A0073A97F /* Base */,
			);
			name = Main.storyboard;
			sourceTree = "<group>";
		};
		8BA7142528F3022B0073A97F /* LaunchScreen.storyboard */ = {
			isa = PBXVariantGroup;
			children = (
				8BA7142628F3022B0073A97F /* Base */,
			);
			name = LaunchScreen.storyboard;
			sourceTree = "<group>";
		};
/* End PBXVariantGroup section */

/* Begin XCBuildConfiguration section */
		8BA7142928F3022B0073A97F /* Debug */ = {
			isa = XCBuildConfiguration;
			buildSettings = {
				ALWAYS_SEARCH_USER_PATHS = NO;
				CLANG_ANALYZER_NONNULL = YES;
				CLANG_ANALYZER_NUMBER_OBJECT_CONVERSION = YES_AGGRESSIVE;
				CLANG_CXX_LANGUAGE_STANDARD = "gnu++20";
				CLANG_ENABLE_MODULES = YES;
				CLANG_ENABLE_OBJC_ARC = YES;
				CLANG_ENABLE_OBJC_WEAK = YES;
				CLANG_WARN_BLOCK_CAPTURE_AUTORELEASING = YES;
				CLANG_WARN_BOOL_CONVERSION = YES;
				CLANG_WARN_COMMA = YES;
				CLANG_WARN_CONSTANT_CONVERSION = YES;
				CLANG_WARN_DEPRECATED_OBJC_IMPLEMENTATIONS = YES;
				CLANG_WARN_DIRECT_OBJC_ISA_USAGE = YES_ERROR;
				CLANG_WARN_DOCUMENTATION_COMMENTS = YES;
				CLANG_WARN_EMPTY_BODY = YES;
				CLANG_WARN_ENUM_CONVERSION = YES;
				CLANG_WARN_INFINITE_RECURSION = YES;
				CLANG_WARN_INT_CONVERSION = YES;
				CLANG_WARN_NON_LITERAL_NULL_CONVERSION = YES;
				CLANG_WARN_OBJC_IMPLICIT_RETAIN_SELF = YES;
				CLANG_WARN_OBJC_LITERAL_CONVERSION = YES;
				CLANG_WARN_OBJC_ROOT_CLASS = YES_ERROR;
				CLANG_WARN_QUOTED_INCLUDE_IN_FRAMEWORK_HEADER = YES;
				CLANG_WARN_RANGE_LOOP_ANALYSIS = YES;
				CLANG_WARN_STRICT_PROTOTYPES = YES;
				CLANG_WARN_SUSPICIOUS_MOVE = YES;
				CLANG_WARN_UNGUARDED_AVAILABILITY = YES_AGGRESSIVE;
				CLANG_WARN_UNREACHABLE_CODE = YES;
				CLANG_WARN__DUPLICATE_METHOD_MATCH = YES;
				COPY_PHASE_STRIP = NO;
				DEBUG_INFORMATION_FORMAT = dwarf;
				ENABLE_STRICT_OBJC_MSGSEND = YES;
				ENABLE_TESTABILITY = YES;
				GCC_C_LANGUAGE_STANDARD = gnu11;
				GCC_DYNAMIC_NO_PIC = NO;
				GCC_NO_COMMON_BLOCKS = YES;
				GCC_OPTIMIZATION_LEVEL = 0;
				GCC_PREPROCESSOR_DEFINITIONS = (
					"DEBUG=1",
					"$(inherited)",
				);
				GCC_WARN_64_TO_32_BIT_CONVERSION = YES;
				GCC_WARN_ABOUT_RETURN_TYPE = YES_ERROR;
				GCC_WARN_UNDECLARED_SELECTOR = YES;
				GCC_WARN_UNINITIALIZED_AUTOS = YES_AGGRESSIVE;
				GCC_WARN_UNUSED_FUNCTION = YES;
				GCC_WARN_UNUSED_VARIABLE = YES;
				IPHONEOS_DEPLOYMENT_TARGET = 16.0;
				MTL_ENABLE_DEBUG_INFO = INCLUDE_SOURCE;
				MTL_FAST_MATH = YES;
				ONLY_ACTIVE_ARCH = YES;
				SDKROOT = iphoneos;
				SWIFT_ACTIVE_COMPILATION_CONDITIONS = DEBUG;
				SWIFT_OPTIMIZATION_LEVEL = "-Onone";
			};
			name = Debug;
		};
		8BA7142A28F3022B0073A97F /* Release */ = {
			isa = XCBuildConfiguration;
			buildSettings = {
				ALWAYS_SEARCH_USER_PATHS = NO;
				CLANG_ANALYZER_NONNULL = YES;
				CLANG_ANALYZER_NUMBER_OBJECT_CONVERSION = YES_AGGRESSIVE;
				CLANG_CXX_LANGUAGE_STANDARD = "gnu++20";
				CLANG_ENABLE_MODULES = YES;
				CLANG_ENABLE_OBJC_ARC = YES;
				CLANG_ENABLE_OBJC_WEAK = YES;
				CLANG_WARN_BLOCK_CAPTURE_AUTORELEASING = YES;
				CLANG_WARN_BOOL_CONVERSION = YES;
				CLANG_WARN_COMMA = YES;
				CLANG_WARN_CONSTANT_CONVERSION = YES;
				CLANG_WARN_DEPRECATED_OBJC_IMPLEMENTATIONS = YES;
				CLANG_WARN_DIRECT_OBJC_ISA_USAGE = YES_ERROR;
				CLANG_WARN_DOCUMENTATION_COMMENTS = YES;
				CLANG_WARN_EMPTY_BODY = YES;
				CLANG_WARN_ENUM_CONVERSION = YES;
				CLANG_WARN_INFINITE_RECURSION = YES;
				CLANG_WARN_INT_CONVERSION = YES;
				CLANG_WARN_NON_LITERAL_NULL_CONVERSION = YES;
				CLANG_WARN_OBJC_IMPLICIT_RETAIN_SELF = YES;
				CLANG_WARN_OBJC_LITERAL_CONVERSION = YES;
				CLANG_WARN_OBJC_ROOT_CLASS = YES_ERROR;
				CLANG_WARN_QUOTED_INCLUDE_IN_FRAMEWORK_HEADER = YES;
				CLANG_WARN_RANGE_LOOP_ANALYSIS = YES;
				CLANG_WARN_STRICT_PROTOTYPES = YES;
				CLANG_WARN_SUSPICIOUS_MOVE = YES;
				CLANG_WARN_UNGUARDED_AVAILABILITY = YES_AGGRESSIVE;
				CLANG_WARN_UNREACHABLE_CODE = YES;
				CLANG_WARN__DUPLICATE_METHOD_MATCH = YES;
				COPY_PHASE_STRIP = NO;
				DEBUG_INFORMATION_FORMAT = "dwarf-with-dsym";
				ENABLE_NS_ASSERTIONS = NO;
				ENABLE_STRICT_OBJC_MSGSEND = YES;
				GCC_C_LANGUAGE_STANDARD = gnu11;
				GCC_NO_COMMON_BLOCKS = YES;
				GCC_WARN_64_TO_32_BIT_CONVERSION = YES;
				GCC_WARN_ABOUT_RETURN_TYPE = YES_ERROR;
				GCC_WARN_UNDECLARED_SELECTOR = YES;
				GCC_WARN_UNINITIALIZED_AUTOS = YES_AGGRESSIVE;
				GCC_WARN_UNUSED_FUNCTION = YES;
				GCC_WARN_UNUSED_VARIABLE = YES;
				IPHONEOS_DEPLOYMENT_TARGET = 16.0;
				MTL_ENABLE_DEBUG_INFO = NO;
				MTL_FAST_MATH = YES;
				SDKROOT = iphoneos;
				SWIFT_COMPILATION_MODE = wholemodule;
				SWIFT_OPTIMIZATION_LEVEL = "-O";
				VALIDATE_PRODUCT = YES;
			};
			name = Release;
		};
		8BA7142C28F3022B0073A97F /* Debug */ = {
			isa = XCBuildConfiguration;
			buildSettings = {
				ASSETCATALOG_COMPILER_APPICON_NAME = AppIcon;
				ASSETCATALOG_COMPILER_GLOBAL_ACCENT_COLOR_NAME = AccentColor;
				CODE_SIGN_STYLE = Automatic;
				CURRENT_PROJECT_VERSION = 1;
				DEVELOPMENT_TEAM = N8Q8QKH896;
				GENERATE_INFOPLIST_FILE = YES;
				INFOPLIST_FILE = AnimalQuiz/App/Info.plist;
				INFOPLIST_KEY_UIApplicationSupportsIndirectInputEvents = YES;
				INFOPLIST_KEY_UILaunchStoryboardName = LaunchScreen;
				INFOPLIST_KEY_UIMainStoryboardFile = Main;
				INFOPLIST_KEY_UISupportedInterfaceOrientations_iPad = "UIInterfaceOrientationPortrait UIInterfaceOrientationPortraitUpsideDown UIInterfaceOrientationLandscapeLeft UIInterfaceOrientationLandscapeRight";
				INFOPLIST_KEY_UISupportedInterfaceOrientations_iPhone = "UIInterfaceOrientationPortrait UIInterfaceOrientationLandscapeLeft UIInterfaceOrientationLandscapeRight";
				LD_RUNPATH_SEARCH_PATHS = (
					"$(inherited)",
					"@executable_path/Frameworks",
				);
				MARKETING_VERSION = 1.0;
				PRODUCT_BUNDLE_IDENTIFIER = pptichka.AnimalQuiz;
				PRODUCT_NAME = "$(TARGET_NAME)";
				SUPPORTED_PLATFORMS = "iphoneos iphonesimulator";
				SUPPORTS_MACCATALYST = NO;
				SUPPORTS_MAC_DESIGNED_FOR_IPHONE_IPAD = NO;
				SWIFT_EMIT_LOC_STRINGS = YES;
				SWIFT_VERSION = 5.0;
				TARGETED_DEVICE_FAMILY = 1;
			};
			name = Debug;
		};
		8BA7142D28F3022B0073A97F /* Release */ = {
			isa = XCBuildConfiguration;
			buildSettings = {
				ASSETCATALOG_COMPILER_APPICON_NAME = AppIcon;
				ASSETCATALOG_COMPILER_GLOBAL_ACCENT_COLOR_NAME = AccentColor;
				CODE_SIGN_STYLE = Automatic;
				CURRENT_PROJECT_VERSION = 1;
				DEVELOPMENT_TEAM = N8Q8QKH896;
				GENERATE_INFOPLIST_FILE = YES;
				INFOPLIST_FILE = AnimalQuiz/App/Info.plist;
				INFOPLIST_KEY_UIApplicationSupportsIndirectInputEvents = YES;
				INFOPLIST_KEY_UILaunchStoryboardName = LaunchScreen;
				INFOPLIST_KEY_UIMainStoryboardFile = Main;
				INFOPLIST_KEY_UISupportedInterfaceOrientations_iPad = "UIInterfaceOrientationPortrait UIInterfaceOrientationPortraitUpsideDown UIInterfaceOrientationLandscapeLeft UIInterfaceOrientationLandscapeRight";
				INFOPLIST_KEY_UISupportedInterfaceOrientations_iPhone = "UIInterfaceOrientationPortrait UIInterfaceOrientationLandscapeLeft UIInterfaceOrientationLandscapeRight";
				LD_RUNPATH_SEARCH_PATHS = (
					"$(inherited)",
					"@executable_path/Frameworks",
				);
				MARKETING_VERSION = 1.0;
				PRODUCT_BUNDLE_IDENTIFIER = pptichka.AnimalQuiz;
				PRODUCT_NAME = "$(TARGET_NAME)";
				SUPPORTED_PLATFORMS = "iphoneos iphonesimulator";
				SUPPORTS_MACCATALYST = NO;
				SUPPORTS_MAC_DESIGNED_FOR_IPHONE_IPAD = NO;
				SWIFT_EMIT_LOC_STRINGS = YES;
				SWIFT_VERSION = 5.0;
				TARGETED_DEVICE_FAMILY = 1;
			};
			name = Release;
		};
/* End XCBuildConfiguration section */

/* Begin XCConfigurationList section */
		8BA7141228F3022A0073A97F /* Build configuration list for PBXProject "AnimalQuiz" */ = {
			isa = XCConfigurationList;
			buildConfigurations = (
				8BA7142928F3022B0073A97F /* Debug */,
				8BA7142A28F3022B0073A97F /* Release */,
			);
			defaultConfigurationIsVisible = 0;
			defaultConfigurationName = Release;
		};
		8BA7142B28F3022B0073A97F /* Build configuration list for PBXNativeTarget "AnimalQuiz" */ = {
			isa = XCConfigurationList;
			buildConfigurations = (
				8BA7142C28F3022B0073A97F /* Debug */,
				8BA7142D28F3022B0073A97F /* Release */,
			);
			defaultConfigurationIsVisible = 0;
			defaultConfigurationName = Release;
		};
/* End XCConfigurationList section */
	};
	rootObject = 8BA7140F28F3022A0073A97F /* Project object */;
}
